// !$*UTF8*$!
{
	archiveVersion = 1;
	classes = {
	};
	objectVersion = 46;
	objects = {

/* Begin PBXBuildFile section */
		DF20C594202B9A700069779A /* KernelLogging.c in Sources */ = {isa = PBXBuildFile; fileRef = DF20C593202B9A700069779A /* KernelLogging.c */; };
/* End PBXBuildFile section */

/* Begin PBXFileReference section */
		DF20C590202B9A700069779A /* KernelLogging.kext */ = {isa = PBXFileReference; explicitFileType = wrapper.cfbundle; includeInIndex = 0; path = KernelLogging.kext; sourceTree = BUILT_PRODUCTS_DIR; };
		DF20C593202B9A700069779A /* KernelLogging.c */ = {isa = PBXFileReference; lastKnownFileType = sourcecode.c.c; path = KernelLogging.c; sourceTree = "<group>"; };
		DF20C595202B9A700069779A /* Info.plist */ = {isa = PBXFileReference; lastKnownFileType = text.plist.xml; path = Info.plist; sourceTree = "<group>"; };
/* End PBXFileReference section */

/* Begin PBXFrameworksBuildPhase section */
		DF20C58C202B9A700069779A /* Frameworks */ = {
			isa = PBXFrameworksBuildPhase;
			buildActionMask = 2147483647;
			files = (
			);
			runOnlyForDeploymentPostprocessing = 0;
		};
/* End PBXFrameworksBuildPhase section */

/* Begin PBXGroup section */
		DF20C586202B9A700069779A = {
			isa = PBXGroup;
			children = (
				DF20C592202B9A700069779A /* KernelLogging */,
				DF20C591202B9A700069779A /* Products */,
			);
			sourceTree = "<group>";
		};
		DF20C591202B9A700069779A /* Products */ = {
			isa = PBXGroup;
			children = (
				DF20C590202B9A700069779A /* KernelLogging.kext */,
			);
			name = Products;
			sourceTree = "<group>";
		};
		DF20C592202B9A700069779A /* KernelLogging */ = {
			isa = PBXGroup;
			children = (
				DF20C593202B9A700069779A /* KernelLogging.c */,
				DF20C595202B9A700069779A /* Info.plist */,
			);
			path = KernelLogging;
			sourceTree = "<group>";
		};
/* End PBXGroup section */

/* Begin PBXHeadersBuildPhase section */
		DF20C58D202B9A700069779A /* Headers */ = {
			isa = PBXHeadersBuildPhase;
			buildActionMask = 2147483647;
			files = (
			);
			runOnlyForDeploymentPostprocessing = 0;
		};
/* End PBXHeadersBuildPhase section */

/* Begin PBXNativeTarget section */
		DF20C58F202B9A700069779A /* KernelLogging */ = {
			isa = PBXNativeTarget;
			buildConfigurationList = DF20C598202B9A700069779A /* Build configuration list for PBXNativeTarget "KernelLogging" */;
			buildPhases = (
				DF20C58B202B9A700069779A /* Sources */,
				DF20C58C202B9A700069779A /* Frameworks */,
				DF20C58D202B9A700069779A /* Headers */,
				DF20C58E202B9A700069779A /* Resources */,
			);
			buildRules = (
			);
			dependencies = (
			);
			name = KernelLogging;
			productName = KernelLogging;
			productReference = DF20C590202B9A700069779A /* KernelLogging.kext */;
			productType = "com.apple.product-type.kernel-extension";
		};
/* End PBXNativeTarget section */

/* Begin PBXProject section */
		DF20C587202B9A700069779A /* Project object */ = {
			isa = PBXProject;
			attributes = {
				LastUpgradeCheck = 0720;
				TargetAttributes = {
					DF20C58F202B9A700069779A = {
						CreatedOnToolsVersion = 7.2;
					};
				};
			};
			buildConfigurationList = DF20C58A202B9A700069779A /* Build configuration list for PBXProject "KernelLogging" */;
			compatibilityVersion = "Xcode 3.2";
			developmentRegion = English;
			hasScannedForEncodings = 0;
			knownRegions = (
				en,
			);
			mainGroup = DF20C586202B9A700069779A;
			productRefGroup = DF20C591202B9A700069779A /* Products */;
			projectDirPath = "";
			projectRoot = "";
			targets = (
				DF20C58F202B9A700069779A /* KernelLogging */,
			);
		};
/* End PBXProject section */

/* Begin PBXResourcesBuildPhase section */
		DF20C58E202B9A700069779A /* Resources */ = {
			isa = PBXResourcesBuildPhase;
			buildActionMask = 2147483647;
			files = (
			);
			runOnlyForDeploymentPostprocessing = 0;
		};
/* End PBXResourcesBuildPhase section */

/* Begin PBXSourcesBuildPhase section */
		DF20C58B202B9A700069779A /* Sources */ = {
			isa = PBXSourcesBuildPhase;
			buildActionMask = 2147483647;
			files = (
				DF20C594202B9A700069779A /* KernelLogging.c in Sources */,
			);
			runOnlyForDeploymentPostprocessing = 0;
		};
/* End PBXSourcesBuildPhase section */

/* Begin XCBuildConfiguration section */
		DF20C596202B9A700069779A /* Debug */ = {
			isa = XCBuildConfiguration;
			buildSettings = {
				ALWAYS_SEARCH_USER_PATHS = NO;
				CLANG_CXX_LANGUAGE_STANDARD = "gnu++0x";
				CLANG_CXX_LIBRARY = "libc++";
				CLANG_ENABLE_MODULES = YES;
				CLANG_ENABLE_OBJC_ARC = YES;
				CLANG_WARN_BOOL_CONVERSION = YES;
				CLANG_WARN_CONSTANT_CONVERSION = YES;
				CLANG_WARN_DIRECT_OBJC_ISA_USAGE = YES_ERROR;
				CLANG_WARN_EMPTY_BODY = YES;
				CLANG_WARN_ENUM_CONVERSION = YES;
				CLANG_WARN_INT_CONVERSION = YES;
				CLANG_WARN_OBJC_ROOT_CLASS = YES_ERROR;
				CLANG_WARN_UNREACHABLE_CODE = YES;
				CLANG_WARN__DUPLICATE_METHOD_MATCH = YES;
				CODE_SIGN_IDENTITY = "-";
				COPY_PHASE_STRIP = NO;
				DEBUG_INFORMATION_FORMAT = dwarf;
				ENABLE_STRICT_OBJC_MSGSEND = YES;
				ENABLE_TESTABILITY = YES;
				GCC_C_LANGUAGE_STANDARD = gnu99;
				GCC_DYNAMIC_NO_PIC = NO;
				GCC_NO_COMMON_BLOCKS = YES;
				GCC_OPTIMIZATION_LEVEL = 0;
				GCC_PREPROCESSOR_DEFINITIONS = (
					"DEBUG=1",
					"$(inherited)",
				);
				GCC_WARN_64_TO_32_BIT_CONVERSION = YES;
				GCC_WARN_ABOUT_RETURN_TYPE = YES_ERROR;
				GCC_WARN_UNDECLARED_SELECTOR = YES;
				GCC_WARN_UNINITIALIZED_AUTOS = YES_AGGRESSIVE;
				GCC_WARN_UNUSED_FUNCTION = YES;
				GCC_WARN_UNUSED_VARIABLE = YES;
				MTL_ENABLE_DEBUG_INFO = YES;
				ONLY_ACTIVE_ARCH = YES;
				SDKROOT = macosx;
			};
			name = Debug;
		};
		DF20C597202B9A700069779A /* Release */ = {
			isa = XCBuildConfiguration;
			buildSettings = {
				ALWAYS_SEARCH_USER_PATHS = NO;
				CLANG_CXX_LANGUAGE_STANDARD = "gnu++0x";
				CLANG_CXX_LIBRARY = "libc++";
				CLANG_ENABLE_MODULES = YES;
				CLANG_ENABLE_OBJC_ARC = YES;
				CLANG_WARN_BOOL_CONVERSION = YES;
				CLANG_WARN_CONSTANT_CONVERSION = YES;
				CLANG_WARN_DIRECT_OBJC_ISA_USAGE = YES_ERROR;
				CLANG_WARN_EMPTY_BODY = YES;
				CLANG_WARN_ENUM_CONVERSION = YES;
				CLANG_WARN_INT_CONVERSION = YES;
				CLANG_WARN_OBJC_ROOT_CLASS = YES_ERROR;
				CLANG_WARN_UNREACHABLE_CODE = YES;
				CLANG_WARN__DUPLICATE_METHOD_MATCH = YES;
				CODE_SIGN_IDENTITY = "-";
				COPY_PHASE_STRIP = NO;
				DEBUG_INFORMATION_FORMAT = "dwarf-with-dsym";
				ENABLE_NS_ASSERTIONS = NO;
				ENABLE_STRICT_OBJC_MSGSEND = YES;
				GCC_C_LANGUAGE_STANDARD = gnu99;
				GCC_NO_COMMON_BLOCKS = YES;
				GCC_WARN_64_TO_32_BIT_CONVERSION = YES;
				GCC_WARN_ABOUT_RETURN_TYPE = YES_ERROR;
				GCC_WARN_UNDECLARED_SELECTOR = YES;
				GCC_WARN_UNINITIALIZED_AUTOS = YES_AGGRESSIVE;
				GCC_WARN_UNUSED_FUNCTION = YES;
				GCC_WARN_UNUSED_VARIABLE = YES;
				MTL_ENABLE_DEBUG_INFO = NO;
				SDKROOT = macosx;
			};
			name = Release;
		};
		DF20C599202B9A700069779A /* Debug */ = {
			isa = XCBuildConfiguration;
			buildSettings = {
				CODE_SIGN_IDENTITY = "";
				INFOPLIST_FILE = KernelLogging/Info.plist;
				INSTALL_PATH = /usr/local/sbin;
				MODULE_NAME = org.smichaud.KernelLogging;
				MODULE_START = KernelLogging_start;
				MODULE_STOP = KernelLogging_stop;
				MODULE_VERSION = 1.0.0d1;
				PRODUCT_BUNDLE_IDENTIFIER = org.smichaud.KernelLogging;
				PRODUCT_NAME = "$(TARGET_NAME)";
				WRAPPER_EXTENSION = kext;
			};
			name = Debug;
		};
		DF20C59A202B9A700069779A /* Release */ = {
			isa = XCBuildConfiguration;
			buildSettings = {
				CODE_SIGN_IDENTITY = "";
				INFOPLIST_FILE = KernelLogging/Info.plist;
				INSTALL_PATH = /usr/local/sbin;
				MODULE_NAME = org.smichaud.KernelLogging;
				MODULE_START = KernelLogging_start;
				MODULE_STOP = KernelLogging_stop;
				MODULE_VERSION = 1.0.0d1;
				PRODUCT_BUNDLE_IDENTIFIER = org.smichaud.KernelLogging;
				PRODUCT_NAME = "$(TARGET_NAME)";
				WRAPPER_EXTENSION = kext;
			};
			name = Release;
		};
/* End XCBuildConfiguration section */

/* Begin XCConfigurationList section */
		DF20C58A202B9A700069779A /* Build configuration list for PBXProject "KernelLogging" */ = {
			isa = XCConfigurationList;
			buildConfigurations = (
				DF20C596202B9A700069779A /* Debug */,
				DF20C597202B9A700069779A /* Release */,
			);
			defaultConfigurationIsVisible = 0;
			defaultConfigurationName = Release;
		};
		DF20C598202B9A700069779A /* Build configuration list for PBXNativeTarget "KernelLogging" */ = {
			isa = XCConfigurationList;
			buildConfigurations = (
				DF20C599202B9A700069779A /* Debug */,
				DF20C59A202B9A700069779A /* Release */,
			);
			defaultConfigurationIsVisible = 0;
			defaultConfigurationName = Release;
		};
/* End XCConfigurationList section */
	};
	rootObject = DF20C587202B9A700069779A /* Project object */;
}
