// !$*UTF8*$!
{
	archiveVersion = 1;
	classes = {
	};
	objectVersion = 46;
	objects = {

/* Begin PBXBuildFile section */
		DF4829B01D8710D400BA7558 /* HookCase.cpp in Sources */ = {isa = PBXBuildFile; fileRef = DF4829AF1D8710D400BA7558 /* HookCase.cpp */; };
		DFE647A61D89AD4F00111DDF /* HookCase.s in Sources */ = {isa = PBXBuildFile; fileRef = DFE647A51D89AD4F00111DDF /* HookCase.s */; };
/* End PBXBuildFile section */

/* Begin PBXFileReference section */
		DF4829AC1D8710D400BA7558 /* HookCase.kext */ = {isa = PBXFileReference; explicitFileType = wrapper.cfbundle; includeInIndex = 0; path = HookCase.kext; sourceTree = BUILT_PRODUCTS_DIR; };
		DF4829AF1D8710D400BA7558 /* HookCase.cpp */ = {isa = PBXFileReference; lastKnownFileType = sourcecode.cpp.cpp; path = HookCase.cpp; sourceTree = "<group>"; };
		DF4829B11D8710D400BA7558 /* Info.plist */ = {isa = PBXFileReference; lastKnownFileType = text.plist.xml; path = Info.plist; sourceTree = "<group>"; };
		DFA122D01D89F5C7007F4AB6 /* HookCase.h */ = {isa = PBXFileReference; lastKnownFileType = sourcecode.c.h; path = HookCase.h; sourceTree = "<group>"; };
		DFE647A51D89AD4F00111DDF /* HookCase.s */ = {isa = PBXFileReference; fileEncoding = 4; lastKnownFileType = sourcecode.asm; path = HookCase.s; sourceTree = "<group>"; };
/* End PBXFileReference section */

/* Begin PBXFrameworksBuildPhase section */
		DF4829A81D8710D400BA7558 /* Frameworks */ = {
			isa = PBXFrameworksBuildPhase;
			buildActionMask = 2147483647;
			files = (
			);
			runOnlyForDeploymentPostprocessing = 0;
		};
/* End PBXFrameworksBuildPhase section */

/* Begin PBXGroup section */
		DF4829A21D8710D400BA7558 = {
			isa = PBXGroup;
			children = (
				DF4829AE1D8710D400BA7558 /* HookCase */,
				DF4829AD1D8710D400BA7558 /* Products */,
			);
			sourceTree = "<group>";
		};
		DF4829AD1D8710D400BA7558 /* Products */ = {
			isa = PBXGroup;
			children = (
				DF4829AC1D8710D400BA7558 /* HookCase.kext */,
			);
			name = Products;
			sourceTree = "<group>";
		};
		DF4829AE1D8710D400BA7558 /* HookCase */ = {
			isa = PBXGroup;
			children = (
				DFA122D01D89F5C7007F4AB6 /* HookCase.h */,
				DF4829AF1D8710D400BA7558 /* HookCase.cpp */,
				DFE647A51D89AD4F00111DDF /* HookCase.s */,
				DF4829B11D8710D400BA7558 /* Info.plist */,
			);
			path = HookCase;
			sourceTree = "<group>";
		};
/* End PBXGroup section */

/* Begin PBXHeadersBuildPhase section */
		DF4829A91D8710D400BA7558 /* Headers */ = {
			isa = PBXHeadersBuildPhase;
			buildActionMask = 2147483647;
			files = (
			);
			runOnlyForDeploymentPostprocessing = 0;
		};
/* End PBXHeadersBuildPhase section */

/* Begin PBXNativeTarget section */
		DF4829AB1D8710D400BA7558 /* HookCase */ = {
			isa = PBXNativeTarget;
			buildConfigurationList = DF4829B41D8710D400BA7558 /* Build configuration list for PBXNativeTarget "HookCase" */;
			buildPhases = (
				DF4829A71D8710D400BA7558 /* Sources */,
				DF4829A81D8710D400BA7558 /* Frameworks */,
				DF4829A91D8710D400BA7558 /* Headers */,
				DF4829AA1D8710D400BA7558 /* Resources */,
			);
			buildRules = (
			);
			dependencies = (
			);
			name = HookCase;
			productName = HookCase;
			productReference = DF4829AC1D8710D400BA7558 /* HookCase.kext */;
			productType = "com.apple.product-type.kernel-extension";
		};
/* End PBXNativeTarget section */

/* Begin PBXProject section */
		DF4829A31D8710D400BA7558 /* Project object */ = {
			isa = PBXProject;
			attributes = {
				LastUpgradeCheck = 0720;
				TargetAttributes = {
					DF4829AB1D8710D400BA7558 = {
						CreatedOnToolsVersion = 7.2;
					};
				};
			};
			buildConfigurationList = DF4829A61D8710D400BA7558 /* Build configuration list for PBXProject "HookCase" */;
			compatibilityVersion = "Xcode 3.2";
			developmentRegion = English;
			hasScannedForEncodings = 0;
			knownRegions = (
				en,
			);
			mainGroup = DF4829A21D8710D400BA7558;
			productRefGroup = DF4829AD1D8710D400BA7558 /* Products */;
			projectDirPath = "";
			projectRoot = "";
			targets = (
				DF4829AB1D8710D400BA7558 /* HookCase */,
			);
		};
/* End PBXProject section */

/* Begin PBXResourcesBuildPhase section */
		DF4829AA1D8710D400BA7558 /* Resources */ = {
			isa = PBXResourcesBuildPhase;
			buildActionMask = 2147483647;
			files = (
			);
			runOnlyForDeploymentPostprocessing = 0;
		};
/* End PBXResourcesBuildPhase section */

/* Begin PBXSourcesBuildPhase section */
		DF4829A71D8710D400BA7558 /* Sources */ = {
			isa = PBXSourcesBuildPhase;
			buildActionMask = 2147483647;
			files = (
				DFE647A61D89AD4F00111DDF /* HookCase.s in Sources */,
				DF4829B01D8710D400BA7558 /* HookCase.cpp in Sources */,
			);
			runOnlyForDeploymentPostprocessing = 0;
		};
/* End PBXSourcesBuildPhase section */

/* Begin XCBuildConfiguration section */
		DF4829B21D8710D400BA7558 /* Debug */ = {
			isa = XCBuildConfiguration;
			buildSettings = {
				ALWAYS_SEARCH_USER_PATHS = NO;
				CLANG_CXX_LANGUAGE_STANDARD = "gnu++0x";
				CLANG_CXX_LIBRARY = "libc++";
				CLANG_ENABLE_MODULES = YES;
				CLANG_ENABLE_OBJC_ARC = YES;
				CLANG_WARN_BOOL_CONVERSION = YES;
				CLANG_WARN_CONSTANT_CONVERSION = YES;
				CLANG_WARN_DIRECT_OBJC_ISA_USAGE = YES_ERROR;
				CLANG_WARN_EMPTY_BODY = YES;
				CLANG_WARN_ENUM_CONVERSION = YES;
				CLANG_WARN_INT_CONVERSION = YES;
				CLANG_WARN_OBJC_ROOT_CLASS = YES_ERROR;
				CLANG_WARN_UNREACHABLE_CODE = YES;
				CLANG_WARN__DUPLICATE_METHOD_MATCH = YES;
				CODE_SIGN_IDENTITY = "-";
				COPY_PHASE_STRIP = NO;
				DEBUG_INFORMATION_FORMAT = dwarf;
				ENABLE_STRICT_OBJC_MSGSEND = YES;
				ENABLE_TESTABILITY = YES;
				GCC_C_LANGUAGE_STANDARD = gnu99;
				GCC_DYNAMIC_NO_PIC = NO;
				GCC_NO_COMMON_BLOCKS = YES;
				GCC_OPTIMIZATION_LEVEL = 0;
				GCC_PREPROCESSOR_DEFINITIONS = (
					"DEBUG=1",
					"$(inherited)",
				);
				GCC_WARN_64_TO_32_BIT_CONVERSION = YES;
				GCC_WARN_ABOUT_RETURN_TYPE = YES_ERROR;
				GCC_WARN_UNDECLARED_SELECTOR = YES;
				GCC_WARN_UNINITIALIZED_AUTOS = YES_AGGRESSIVE;
				GCC_WARN_UNUSED_FUNCTION = YES;
				GCC_WARN_UNUSED_VARIABLE = YES;
				MACOSX_DEPLOYMENT_TARGET = 10.9;
				MTL_ENABLE_DEBUG_INFO = YES;
				ONLY_ACTIVE_ARCH = YES;
				SDKROOT = macosx;
			};
			name = Debug;
		};
		DF4829B31D8710D400BA7558 /* Release */ = {
			isa = XCBuildConfiguration;
			buildSettings = {
				ALWAYS_SEARCH_USER_PATHS = NO;
				CLANG_CXX_LANGUAGE_STANDARD = "gnu++0x";
				CLANG_CXX_LIBRARY = "libc++";
				CLANG_ENABLE_MODULES = YES;
				CLANG_ENABLE_OBJC_ARC = YES;
				CLANG_WARN_BOOL_CONVERSION = YES;
				CLANG_WARN_CONSTANT_CONVERSION = YES;
				CLANG_WARN_DIRECT_OBJC_ISA_USAGE = YES_ERROR;
				CLANG_WARN_EMPTY_BODY = YES;
				CLANG_WARN_ENUM_CONVERSION = YES;
				CLANG_WARN_INT_CONVERSION = YES;
				CLANG_WARN_OBJC_ROOT_CLASS = YES_ERROR;
				CLANG_WARN_UNREACHABLE_CODE = YES;
				CLANG_WARN__DUPLICATE_METHOD_MATCH = YES;
				CODE_SIGN_IDENTITY = "-";
				COPY_PHASE_STRIP = NO;
				DEBUG_INFORMATION_FORMAT = "dwarf-with-dsym";
				ENABLE_NS_ASSERTIONS = NO;
				ENABLE_STRICT_OBJC_MSGSEND = YES;
				GCC_C_LANGUAGE_STANDARD = gnu99;
				GCC_NO_COMMON_BLOCKS = YES;
				GCC_WARN_64_TO_32_BIT_CONVERSION = YES;
				GCC_WARN_ABOUT_RETURN_TYPE = YES_ERROR;
				GCC_WARN_UNDECLARED_SELECTOR = YES;
				GCC_WARN_UNINITIALIZED_AUTOS = YES_AGGRESSIVE;
				GCC_WARN_UNUSED_FUNCTION = YES;
				GCC_WARN_UNUSED_VARIABLE = YES;
				MACOSX_DEPLOYMENT_TARGET = 10.9;
				MTL_ENABLE_DEBUG_INFO = NO;
				SDKROOT = macosx;
			};
			name = Release;
		};
		DF4829B51D8710D400BA7558 /* Debug */ = {
			isa = XCBuildConfiguration;
			buildSettings = {
				CODE_SIGN_IDENTITY = "";
				INFOPLIST_FILE = HookCase/Info.plist;
				INSTALL_PATH = /usr/local/sbin;
				MODULE_NAME = org.smichaud.HookCase;
				MODULE_START = HookCase_start;
				MODULE_STOP = HookCase_stop;
				MODULE_VERSION = 3.3.1;
				PRODUCT_BUNDLE_IDENTIFIER = org.smichaud.HookCase;
				PRODUCT_NAME = "$(TARGET_NAME)";
				WRAPPER_EXTENSION = kext;
			};
			name = Debug;
		};
		DF4829B61D8710D400BA7558 /* Release */ = {
			isa = XCBuildConfiguration;
			buildSettings = {
				CODE_SIGN_IDENTITY = "";
				INFOPLIST_FILE = HookCase/Info.plist;
				INSTALL_PATH = /usr/local/sbin;
				MODULE_NAME = org.smichaud.HookCase;
				MODULE_START = HookCase_start;
				MODULE_STOP = HookCase_stop;
				MODULE_VERSION = 3.3.1;
				PRODUCT_BUNDLE_IDENTIFIER = org.smichaud.HookCase;
				PRODUCT_NAME = "$(TARGET_NAME)";
				WRAPPER_EXTENSION = kext;
			};
			name = Release;
		};
/* End XCBuildConfiguration section */

/* Begin XCConfigurationList section */
		DF4829A61D8710D400BA7558 /* Build configuration list for PBXProject "HookCase" */ = {
			isa = XCConfigurationList;
			buildConfigurations = (
				DF4829B21D8710D400BA7558 /* Debug */,
				DF4829B31D8710D400BA7558 /* Release */,
			);
			defaultConfigurationIsVisible = 0;
			defaultConfigurationName = Release;
		};
		DF4829B41D8710D400BA7558 /* Build configuration list for PBXNativeTarget "HookCase" */ = {
			isa = XCConfigurationList;
			buildConfigurations = (
				DF4829B51D8710D400BA7558 /* Debug */,
				DF4829B61D8710D400BA7558 /* Release */,
			);
			defaultConfigurationIsVisible = 0;
			defaultConfigurationName = Release;
		};
/* End XCConfigurationList section */
	};
	rootObject = DF4829A31D8710D400BA7558 /* Project object */;
}
